PODS:
  - Capacitor (7.6.2):
    - CapacitorCordova
  - CapacitorApp (7.1.2):
    - Capacitor
  - CapacitorCordova (7.6.2)
  - CapacitorDevice (7.0.5):
    - Capacitor
  - CapacitorFilesystem (7.1.8):
    - Capacitor
    - IONFilesystemLib (~> 1.1.1)
  - CapacitorNativeBiometric (0.0.1):
    - Capacitor
  - CapacitorShare (7.0.4):
    - Capacitor
  - IONFilesystemLib (1.1.2)

DEPENDENCIES:
  - "Capacitor (from `../../node_modules/@capacitor/ios`)"
  - "CapacitorApp (from `../../node_modules/@capacitor/app`)"
  - "CapacitorCordova (from `../../node_modules/@capacitor/ios`)"
  - "CapacitorDevice (from `../../node_modules/@capacitor/device`)"
  - "CapacitorFilesystem (from `../../node_modules/@capacitor/filesystem`)"
  - CapacitorNativeBiometric (from `../../node_modules/capacitor-native-biometric`)
  - "CapacitorShare (from `../../node_modules/@capacitor/share`)"

SPEC REPOS:
  trunk:
    - IONFilesystemLib

EXTERNAL SOURCES:
  Capacitor:
    :path: "../../node_modules/@capacitor/ios"
  CapacitorApp:
    :path: "../../node_modules/@capacitor/app"
  CapacitorCordova:
    :path: "../../node_modules/@capacitor/ios"
  CapacitorDevice:
    :path: "../../node_modules/@capacitor/device"
  CapacitorFilesystem:
    :path: "../../node_modules/@capacitor/filesystem"
  CapacitorNativeBiometric:
    :path: "../../node_modules/capacitor-native-biometric"
  CapacitorShare:
    :path: "../../node_modules/@capacitor/share"

SPEC CHECKSUMS:
  Capacitor: 6a4db05694acab0f1ea4ecb5ae06e520d101c4f1
  CapacitorApp: 6b89831465d6bc99bc89779b1b7f5327e33011ce
  CapacitorCordova: 8214697bed435f6e7c5e3ed86d1632a8c42f7d77
  CapacitorDevice: 12b136398a320a395ddc8d227ab532848058d796
  CapacitorFilesystem: f54cd6b76be06fa7ceb219cf313d32e0d626ea87
  CapacitorNativeBiometric: b47637a8cd349bdac014424bb4ddcae9ee5d4919
  CapacitorShare: 14b5d7f0a2c6de86dcad8995da80fb707ee32f62
  IONFilesystemLib: 21a63377696b2d8fab5632ecfb7d2ac67bddb68a

PODFILE CHECKSUM: 1e7d113cf5274cd7107faff408df0fda86cce4b5

COCOAPODS: 1.16.2
